dependencies:
- name: common
  repository: file://../../../common
  version: 1.0.0
- name: mongodb
  repository: file://../../components/mongodb
  version: 1.0.0
- name: mysql
  repository: file://../../components/mysql
  version: 1.0.0
- name: postgres
  repository: file://../../components/postgres
  version: 1.0.0
digest: sha256:45b4e9c2ad2202eca0aa3a9bfb4a8c24f54b733c887ade0b2d80eade6562d409
generated: "2024-07-03T18:26:42.3693492+09:00"
